
Microsoft Visual Studio Solution File, Format Version 12.00
# Visual Studio 14
VisualStudioVersion = 14.0.25420.1
MinimumVisualStudioVersion = 10.0.40219.1
Project("{FAE04EC0-301F-11D3-BF4B-00C04F79EFBC}") = "MyMOBA Server", "MyMOBA Server\MyMOBA Server.csproj", "{EC55F8A4-FC2E-4593-BF43-46AAC43E0ADD}"
EndProject
Global
	GlobalSection(SolutionConfigurationPlatforms) = preSolution
		Debug|Any CPU = Debug|Any CPU
		Release|Any CPU = Release|Any CPU
	EndGlobalSection
	GlobalSection(ProjectConfigurationPlatforms) = postSolution
		{EC55F8A4-FC2E-4593-BF43-46AAC43E0ADD}.Debug|Any CPU.ActiveCfg = Debug|Any CPU
		{EC55F8A4-FC2E-4593-BF43-46AAC43E0ADD}.Debug|Any CPU.Build.0 = Debug|Any CPU
		{EC55F8A4-FC2E-4593-BF43-46AAC43E0ADD}.Release|Any CPU.ActiveCfg = Release|Any CPU
		{EC55F8A4-FC2E-4593-BF43-46AAC43E0ADD}.Release|Any CPU.Build.0 = Release|Any CPU
	EndGlobalSection
	GlobalSection(SolutionProperties) = preSolution
		HideSolutionNode = FALSE
	EndGlobalSection
EndGlobal
